// !$*UTF8*$!
{
	archiveVersion = 1;
	classes = {
	};
	objectVersion = 46;
	objects = {

/* Begin PBXBuildFile section */
		A70F7D5E1B059C7500D824FE /* AppDelegate.m in Sources */ = {isa = PBXBuildFile; fileRef = A70F7D5D1B059C7500D824FE /* AppDelegate.m */; };
		A70F7D601B059C7500D824FE /* main.m in Sources */ = {isa = PBXBuildFile; fileRef = A70F7D5F1B059C7500D824FE /* main.m */; };
		A70F7D621B059C7500D824FE /* Images.xcassets in Resources */ = {isa = PBXBuildFile; fileRef = A70F7D611B059C7500D824FE /* Images.xcassets */; };
		A70F7D651B059C7500D824FE /* MainMenu.xib in Resources */ = {isa = PBXBuildFile; fileRef = A70F7D631B059C7500D824FE /* MainMenu.xib */; };
		A70F7D7C1B059CA400D824FE /* MyView.m in Sources */ = {isa = PBXBuildFile; fileRef = A70F7D7B1B059CA400D824FE /* MyView.m */; };
		A70F7D7F1B059CE800D824FE /* MyImageView.m in Sources */ = {isa = PBXBuildFile; fileRef = A70F7D7E1B059CE800D824FE /* MyImageView.m */; };
		A70F7D821B059EA000D824FE /* ColorView.m in Sources */ = {isa = PBXBuildFile; fileRef = A70F7D811B059EA000D824FE /* ColorView.m */; };
/* End PBXBuildFile section */

/* Begin PBXFileReference section */
		A70F7D571B059C7500D824FE /* AlphaChannelChecking.app */ = {isa = PBXFileReference; explicitFileType = wrapper.application; includeInIndex = 0; path = AlphaChannelChecking.app; sourceTree = BUILT_PRODUCTS_DIR; };
		A70F7D5B1B059C7500D824FE /* Info.plist */ = {isa = PBXFileReference; lastKnownFileType = text.plist.xml; path = Info.plist; sourceTree = "<group>"; };
		A70F7D5C1B059C7500D824FE /* AppDelegate.h */ = {isa = PBXFileReference; lastKnownFileType = sourcecode.c.h; path = AppDelegate.h; sourceTree = "<group>"; };
		A70F7D5D1B059C7500D824FE /* AppDelegate.m */ = {isa = PBXFileReference; lastKnownFileType = sourcecode.c.objc; path = AppDelegate.m; sourceTree = "<group>"; };
		A70F7D5F1B059C7500D824FE /* main.m */ = {isa = PBXFileReference; lastKnownFileType = sourcecode.c.objc; path = main.m; sourceTree = "<group>"; };
		A70F7D611B059C7500D824FE /* Images.xcassets */ = {isa = PBXFileReference; lastKnownFileType = folder.assetcatalog; path = Images.xcassets; sourceTree = "<group>"; };
		A70F7D641B059C7500D824FE /* Base */ = {isa = PBXFileReference; lastKnownFileType = file.xib; name = Base; path = Base.lproj/MainMenu.xib; sourceTree = "<group>"; };
		A70F7D7A1B059CA400D824FE /* MyView.h */ = {isa = PBXFileReference; fileEncoding = 4; lastKnownFileType = sourcecode.c.h; path = MyView.h; sourceTree = "<group>"; };
		A70F7D7B1B059CA400D824FE /* MyView.m */ = {isa = PBXFileReference; fileEncoding = 4; lastKnownFileType = sourcecode.c.objc; path = MyView.m; sourceTree = "<group>"; };
		A70F7D7D1B059CE800D824FE /* MyImageView.h */ = {isa = PBXFileReference; fileEncoding = 4; lastKnownFileType = sourcecode.c.h; path = MyImageView.h; sourceTree = "<group>"; };
		A70F7D7E1B059CE800D824FE /* MyImageView.m */ = {isa = PBXFileReference; fileEncoding = 4; lastKnownFileType = sourcecode.c.objc; path = MyImageView.m; sourceTree = "<group>"; };
		A70F7D801B059EA000D824FE /* ColorView.h */ = {isa = PBXFileReference; fileEncoding = 4; lastKnownFileType = sourcecode.c.h; path = ColorView.h; sourceTree = "<group>"; };
		A70F7D811B059EA000D824FE /* ColorView.m */ = {isa = PBXFileReference; fileEncoding = 4; lastKnownFileType = sourcecode.c.objc; path = ColorView.m; sourceTree = "<group>"; };
/* End PBXFileReference section */

/* Begin PBXFrameworksBuildPhase section */
		A70F7D541B059C7500D824FE /* Frameworks */ = {
			isa = PBXFrameworksBuildPhase;
			buildActionMask = 2147483647;
			files = (
			);
			runOnlyForDeploymentPostprocessing = 0;
		};
/* End PBXFrameworksBuildPhase section */

/* Begin PBXGroup section */
		A70F7D4E1B059C7500D824FE = {
			isa = PBXGroup;
			children = (
				A70F7D591B059C7500D824FE /* viewclick */,
				A70F7D581B059C7500D824FE /* Products */,
			);
			sourceTree = "<group>";
		};
		A70F7D581B059C7500D824FE /* Products */ = {
			isa = PBXGroup;
			children = (
				A70F7D571B059C7500D824FE /* AlphaChannelChecking.app */,
			);
			name = Products;
			sourceTree = "<group>";
		};
		A70F7D591B059C7500D824FE /* viewclick */ = {
			isa = PBXGroup;
			children = (
				A70F7D5C1B059C7500D824FE /* AppDelegate.h */,
				A70F7D5D1B059C7500D824FE /* AppDelegate.m */,
				A70F7D611B059C7500D824FE /* Images.xcassets */,
				A70F7D631B059C7500D824FE /* MainMenu.xib */,
				A70F7D5A1B059C7500D824FE /* Supporting Files */,
				A70F7D7A1B059CA400D824FE /* MyView.h */,
				A70F7D7B1B059CA400D824FE /* MyView.m */,
				A70F7D7D1B059CE800D824FE /* MyImageView.h */,
				A70F7D7E1B059CE800D824FE /* MyImageView.m */,
				A70F7D801B059EA000D824FE /* ColorView.h */,
				A70F7D811B059EA000D824FE /* ColorView.m */,
			);
			path = viewclick;
			sourceTree = "<group>";
		};
		A70F7D5A1B059C7500D824FE /* Supporting Files */ = {
			isa = PBXGroup;
			children = (
				A70F7D5B1B059C7500D824FE /* Info.plist */,
				A70F7D5F1B059C7500D824FE /* main.m */,
			);
			name = "Supporting Files";
			sourceTree = "<group>";
		};
/* End PBXGroup section */

/* Begin PBXNativeTarget section */
		A70F7D561B059C7500D824FE /* AlphaChannelChecking */ = {
			isa = PBXNativeTarget;
			buildConfigurationList = A70F7D741B059C7500D824FE /* Build configuration list for PBXNativeTarget "AlphaChannelChecking" */;
			buildPhases = (
				A70F7D531B059C7500D824FE /* Sources */,
				A70F7D541B059C7500D824FE /* Frameworks */,
				A70F7D551B059C7500D824FE /* Resources */,
			);
			buildRules = (
			);
			dependencies = (
			);
			name = AlphaChannelChecking;
			productName = viewclick;
			productReference = A70F7D571B059C7500D824FE /* AlphaChannelChecking.app */;
			productType = "com.apple.product-type.application";
		};
/* End PBXNativeTarget section */

/* Begin PBXProject section */
		A70F7D4F1B059C7500D824FE /* Project object */ = {
			isa = PBXProject;
			attributes = {
				LastUpgradeCheck = 0620;
				ORGANIZATIONNAME = beyondcow;
				TargetAttributes = {
					A70F7D561B059C7500D824FE = {
						CreatedOnToolsVersion = 6.2;
					};
				};
			};
			buildConfigurationList = A70F7D521B059C7500D824FE /* Build configuration list for PBXProject "AlphaChannelChecking" */;
			compatibilityVersion = "Xcode 3.2";
			developmentRegion = English;
			hasScannedForEncodings = 0;
			knownRegions = (
				en,
				Base,
			);
			mainGroup = A70F7D4E1B059C7500D824FE;
			productRefGroup = A70F7D581B059C7500D824FE /* Products */;
			projectDirPath = "";
			projectRoot = "";
			targets = (
				A70F7D561B059C7500D824FE /* AlphaChannelChecking */,
			);
		};
/* End PBXProject section */

/* Begin PBXResourcesBuildPhase section */
		A70F7D551B059C7500D824FE /* Resources */ = {
			isa = PBXResourcesBuildPhase;
			buildActionMask = 2147483647;
			files = (
				A70F7D621B059C7500D824FE /* Images.xcassets in Resources */,
				A70F7D651B059C7500D824FE /* MainMenu.xib in Resources */,
			);
			runOnlyForDeploymentPostprocessing = 0;
		};
/* End PBXResourcesBuildPhase section */

/* Begin PBXSourcesBuildPhase section */
		A70F7D531B059C7500D824FE /* Sources */ = {
			isa = PBXSourcesBuildPhase;
			buildActionMask = 2147483647;
			files = (
				A70F7D821B059EA000D824FE /* ColorView.m in Sources */,
				A70F7D7F1B059CE800D824FE /* MyImageView.m in Sources */,
				A70F7D601B059C7500D824FE /* main.m in Sources */,
				A70F7D5E1B059C7500D824FE /* AppDelegate.m in Sources */,
				A70F7D7C1B059CA400D824FE /* MyView.m in Sources */,
			);
			runOnlyForDeploymentPostprocessing = 0;
		};
/* End PBXSourcesBuildPhase section */

/* Begin PBXVariantGroup section */
		A70F7D631B059C7500D824FE /* MainMenu.xib */ = {
			isa = PBXVariantGroup;
			children = (
				A70F7D641B059C7500D824FE /* Base */,
			);
			name = MainMenu.xib;
			sourceTree = "<group>";
		};
/* End PBXVariantGroup section */

/* Begin XCBuildConfiguration section */
		A70F7D721B059C7500D824FE /* Debug */ = {
			isa = XCBuildConfiguration;
			buildSettings = {
				ALWAYS_SEARCH_USER_PATHS = NO;
				CLANG_CXX_LANGUAGE_STANDARD = "gnu++0x";
				CLANG_CXX_LIBRARY = "libc++";
				CLANG_ENABLE_MODULES = YES;
				CLANG_ENABLE_OBJC_ARC = YES;
				CLANG_WARN_BOOL_CONVERSION = YES;
				CLANG_WARN_CONSTANT_CONVERSION = YES;
				CLANG_WARN_DIRECT_OBJC_ISA_USAGE = YES_ERROR;
				CLANG_WARN_EMPTY_BODY = YES;
				CLANG_WARN_ENUM_CONVERSION = YES;
				CLANG_WARN_INT_CONVERSION = YES;
				CLANG_WARN_OBJC_ROOT_CLASS = YES_ERROR;
				CLANG_WARN_UNREACHABLE_CODE = YES;
				CLANG_WARN__DUPLICATE_METHOD_MATCH = YES;
				CODE_SIGN_IDENTITY = "-";
				COPY_PHASE_STRIP = NO;
				ENABLE_STRICT_OBJC_MSGSEND = YES;
				GCC_C_LANGUAGE_STANDARD = gnu99;
				GCC_DYNAMIC_NO_PIC = NO;
				GCC_OPTIMIZATION_LEVEL = 0;
				GCC_PREPROCESSOR_DEFINITIONS = (
					"DEBUG=1",
					"$(inherited)",
				);
				GCC_SYMBOLS_PRIVATE_EXTERN = NO;
				GCC_WARN_64_TO_32_BIT_CONVERSION = YES;
				GCC_WARN_ABOUT_RETURN_TYPE = YES_ERROR;
				GCC_WARN_UNDECLARED_SELECTOR = YES;
				GCC_WARN_UNINITIALIZED_AUTOS = YES_AGGRESSIVE;
				GCC_WARN_UNUSED_FUNCTION = YES;
				GCC_WARN_UNUSED_VARIABLE = YES;
				MACOSX_DEPLOYMENT_TARGET = 10.9;
				MTL_ENABLE_DEBUG_INFO = YES;
				ONLY_ACTIVE_ARCH = YES;
				SDKROOT = macosx;
			};
			name = Debug;
		};
		A70F7D731B059C7500D824FE /* Release */ = {
			isa = XCBuildConfiguration;
			buildSettings = {
				ALWAYS_SEARCH_USER_PATHS = NO;
				CLANG_CXX_LANGUAGE_STANDARD = "gnu++0x";
				CLANG_CXX_LIBRARY = "libc++";
				CLANG_ENABLE_MODULES = YES;
				CLANG_ENABLE_OBJC_ARC = YES;
				CLANG_WARN_BOOL_CONVERSION = YES;
				CLANG_WARN_CONSTANT_CONVERSION = YES;
				CLANG_WARN_DIRECT_OBJC_ISA_USAGE = YES_ERROR;
				CLANG_WARN_EMPTY_BODY = YES;
				CLANG_WARN_ENUM_CONVERSION = YES;
				CLANG_WARN_INT_CONVERSION = YES;
				CLANG_WARN_OBJC_ROOT_CLASS = YES_ERROR;
				CLANG_WARN_UNREACHABLE_CODE = YES;
				CLANG_WARN__DUPLICATE_METHOD_MATCH = YES;
				CODE_SIGN_IDENTITY = "-";
				COPY_PHASE_STRIP = NO;
				DEBUG_INFORMATION_FORMAT = "dwarf-with-dsym";
				ENABLE_NS_ASSERTIONS = NO;
				ENABLE_STRICT_OBJC_MSGSEND = YES;
				GCC_C_LANGUAGE_STANDARD = gnu99;
				GCC_WARN_64_TO_32_BIT_CONVERSION = YES;
				GCC_WARN_ABOUT_RETURN_TYPE = YES_ERROR;
				GCC_WARN_UNDECLARED_SELECTOR = YES;
				GCC_WARN_UNINITIALIZED_AUTOS = YES_AGGRESSIVE;
				GCC_WARN_UNUSED_FUNCTION = YES;
				GCC_WARN_UNUSED_VARIABLE = YES;
				MACOSX_DEPLOYMENT_TARGET = 10.9;
				MTL_ENABLE_DEBUG_INFO = NO;
				SDKROOT = macosx;
			};
			name = Release;
		};
		A70F7D751B059C7500D824FE /* Debug */ = {
			isa = XCBuildConfiguration;
			buildSettings = {
				ASSETCATALOG_COMPILER_APPICON_NAME = AppIcon;
				COMBINE_HIDPI_IMAGES = YES;
				INFOPLIST_FILE = viewclick/Info.plist;
				LD_RUNPATH_SEARCH_PATHS = "$(inherited) @executable_path/../Frameworks";
				PRODUCT_NAME = AlphaChannelChecking;
			};
			name = Debug;
		};
		A70F7D761B059C7500D824FE /* Release */ = {
			isa = XCBuildConfiguration;
			buildSettings = {
				ASSETCATALOG_COMPILER_APPICON_NAME = AppIcon;
				COMBINE_HIDPI_IMAGES = YES;
				INFOPLIST_FILE = viewclick/Info.plist;
				LD_RUNPATH_SEARCH_PATHS = "$(inherited) @executable_path/../Frameworks";
				PRODUCT_NAME = AlphaChannelChecking;
			};
			name = Release;
		};
/* End XCBuildConfiguration section */

/* Begin XCConfigurationList section */
		A70F7D521B059C7500D824FE /* Build configuration list for PBXProject "AlphaChannelChecking" */ = {
			isa = XCConfigurationList;
			buildConfigurations = (
				A70F7D721B059C7500D824FE /* Debug */,
				A70F7D731B059C7500D824FE /* Release */,
			);
			defaultConfigurationIsVisible = 0;
			defaultConfigurationName = Release;
		};
		A70F7D741B059C7500D824FE /* Build configuration list for PBXNativeTarget "AlphaChannelChecking" */ = {
			isa = XCConfigurationList;
			buildConfigurations = (
				A70F7D751B059C7500D824FE /* Debug */,
				A70F7D761B059C7500D824FE /* Release */,
			);
			defaultConfigurationIsVisible = 0;
		};
/* End XCConfigurationList section */
	};
	rootObject = A70F7D4F1B059C7500D824FE /* Project object */;
}
